
Microsoft Visual Studio Solution File, Format Version 12.00
# Visual Studio 15
VisualStudioVersion = 15.0.27428.2037
MinimumVisualStudioVersion = 10.0.40219.1
Project("{FAE04EC0-301F-11D3-BF4B-00C04F79EFBC}") = "ImageSharePassword.Web", "ImageSharePassword.Web\ImageSharePassword.Web.csproj", "{BE7E43BB-9F04-478A-9BEC-3A844DF7D06C}"
EndProject
Project("{FAE04EC0-301F-11D3-BF4B-00C04F79EFBC}") = "ImageSharePassword.Data", "ImageSharePassword.Data\ImageSharePassword.Data.csproj", "{7EB202AE-C84A-4BC8-94F0-5A7151EF1699}"
EndProject
Global
	GlobalSection(SolutionConfigurationPlatforms) = preSolution
		Debug|Any CPU = Debug|Any CPU
		Release|Any CPU = Release|Any CPU
	EndGlobalSection
	GlobalSection(ProjectConfigurationPlatforms) = postSolution
		{BE7E43BB-9F04-478A-9BEC-3A844DF7D06C}.Debug|Any CPU.ActiveCfg = Debug|Any CPU
		{BE7E43BB-9F04-478A-9BEC-3A844DF7D06C}.Debug|Any CPU.Build.0 = Debug|Any CPU
		{BE7E43BB-9F04-478A-9BEC-3A844DF7D06C}.Release|Any CPU.ActiveCfg = Release|Any CPU
		{BE7E43BB-9F04-478A-9BEC-3A844DF7D06C}.Release|Any CPU.Build.0 = Release|Any CPU
		{7EB202AE-C84A-4BC8-94F0-5A7151EF1699}.Debug|Any CPU.ActiveCfg = Debug|Any CPU
		{7EB202AE-C84A-4BC8-94F0-5A7151EF1699}.Debug|Any CPU.Build.0 = Debug|Any CPU
		{7EB202AE-C84A-4BC8-94F0-5A7151EF1699}.Release|Any CPU.ActiveCfg = Release|Any CPU
		{7EB202AE-C84A-4BC8-94F0-5A7151EF1699}.Release|Any CPU.Build.0 = Release|Any CPU
	EndGlobalSection
	GlobalSection(SolutionProperties) = preSolution
		HideSolutionNode = FALSE
	EndGlobalSection
	GlobalSection(ExtensibilityGlobals) = postSolution
		SolutionGuid = {B77267F6-3793-4C4B-96D0-73A6259531FE}
	EndGlobalSection
EndGlobal
